
Microsoft Visual Studio Solution File, Format Version 12.00
# Visual Studio 15
VisualStudioVersion = 15.0.28307.102
MinimumVisualStudioVersion = 10.0.40219.1
Project("{FAE04EC0-301F-11D3-BF4B-00C04F79EFBC}") = "ConsoleApp1", "ConsoleApp1\ConsoleApp1.csproj", "{CD8D5E6A-40A6-4820-90C6-5F0C79B9307D}"
EndProject
Global
	GlobalSection(SolutionConfigurationPlatforms) = preSolution
		Debug|Any CPU = Debug|Any CPU
		Release|Any CPU = Release|Any CPU
	EndGlobalSection
	GlobalSection(ProjectConfigurationPlatforms) = postSolution
		{CD8D5E6A-40A6-4820-90C6-5F0C79B9307D}.Debug|Any CPU.ActiveCfg = Debug|Any CPU
		{CD8D5E6A-40A6-4820-90C6-5F0C79B9307D}.Debug|Any CPU.Build.0 = Debug|Any CPU
		{CD8D5E6A-40A6-4820-90C6-5F0C79B9307D}.Release|Any CPU.ActiveCfg = Release|Any CPU
		{CD8D5E6A-40A6-4820-90C6-5F0C79B9307D}.Release|Any CPU.Build.0 = Release|Any CPU
	EndGlobalSection
	GlobalSection(SolutionProperties) = preSolution
		HideSolutionNode = FALSE
	EndGlobalSection
	GlobalSection(ExtensibilityGlobals) = postSolution
		SolutionGuid = {462E398D-C22E-4032-9931-A2719FB25A24}
	EndGlobalSection
EndGlobal
